
Microsoft Visual Studio Solution File, Format Version 12.00
# Visual Studio Version 17
VisualStudioVersion = 17.0.32002.185
MinimumVisualStudioVersion = 10.0.40219.1
Project("{FAE04EC0-301F-11D3-BF4B-00C04F79EFBC}") = "APIServer", "APIServer\APIServer.csproj", "{4BEF922F-F0FC-48D5-98A2-FC1241360EAE}"
EndProject
Global
	GlobalSection(SolutionConfigurationPlatforms) = preSolution
		Debug|Any CPU = Debug|Any CPU
		Release|Any CPU = Release|Any CPU
	EndGlobalSection
	GlobalSection(ProjectConfigurationPlatforms) = postSolution
		{4BEF922F-F0FC-48D5-98A2-FC1241360EAE}.Debug|Any CPU.ActiveCfg = Debug|Any CPU
		{4BEF922F-F0FC-48D5-98A2-FC1241360EAE}.Debug|Any CPU.Build.0 = Debug|Any CPU
		{4BEF922F-F0FC-48D5-98A2-FC1241360EAE}.Release|Any CPU.ActiveCfg = Release|Any CPU
		{4BEF922F-F0FC-48D5-98A2-FC1241360EAE}.Release|Any CPU.Build.0 = Release|Any CPU
	EndGlobalSection
	GlobalSection(SolutionProperties) = preSolution
		HideSolutionNode = FALSE
	EndGlobalSection
	GlobalSection(ExtensibilityGlobals) = postSolution
		SolutionGuid = {471E3CE3-421E-475C-8015-88FF4D671DA4}
	EndGlobalSection
EndGlobal
